{
  "name": "walletkit-wasm-node-test",
  "version": "0.0.0",
  "lockfileVersion": 3,
  "requires": true,
  "packages": {
    "": {
      "name": "walletkit-wasm-node-test",
      "version": "0.0.0",
      "dependencies": {
        "@worldcoin/walletkit-wasm": "file:../wasm"
      }
    },
    "../wasm": {
      "name": "@worldcoin/walletkit-wasm",
      "version": "0.16.2",
      "dependencies": {
        "uniffi-bindgen-react-native": "0.31.0-2"
      },
      "devDependencies": {
        "typescript": "^5.9.0"
      }
    },
    "node_modules/@worldcoin/walletkit-wasm": {
      "resolved": "../wasm",
      "link": true
    }
  }
}
