{
  "name": "@worldcoin/walletkit-wasm-test",
  "version": "0.16.1",
  "lockfileVersion": 3,
  "requires": true,
  "packages": {
    "": {
      "name": "@worldcoin/walletkit-wasm-test",
      "version": "0.16.1",
      "dependencies": {
        "uniffi-bindgen-react-native": "0.31.0-2"
      },
      "devDependencies": {
        "typescript": "^5.9.0"
      }
    },
    "node_modules/typescript": {
      "version": "5.9.3",
      "resolved": "https://registry.npmjs.org/typescript/-/typescript-5.9.3.tgz",
      "integrity": "sha512-jl1vZzPDinLr9eUt3J/t7V6FgNEw9QjvBPdysz9KfQDD41fQrC2Y4vKQdiaUpFT4bXlb1RHhLpp8wtm6M5TgSw==",
      "dev": true,
      "license": "Apache-2.0",
      "bin": {
        "tsc": "bin/tsc",
        "tsserver": "bin/tsserver"
      },
      "engines": {
        "node": ">=14.17"
      }
    },
    "node_modules/uniffi-bindgen-react-native": {
      "version": "0.31.0-2",
      "resolved": "https://registry.npmjs.org/uniffi-bindgen-react-native/-/uniffi-bindgen-react-native-0.31.0-2.tgz",
      "integrity": "sha512-kcmW4/ayEEQH3mg4r3wJAgDoBd7Ix7Y/4E2npS51ydUKuHMzLsTU+lgzanZVAwC+yQsDduEK63TFXq54imJWsA==",
      "license": "MPL-2.0",
      "bin": {
        "ubrn": "bin/cli.cjs",
        "uniffi-bindgen-react-native": "bin/cli.cjs"
      }
    }
  }
}
